
Microsoft Visual Studio Solution File, Format Version 12.00
# Visual Studio Version 16
VisualStudioVersion = 16.0.35325.158
MinimumVisualStudioVersion = 10.0.40219.1
Project("{FAE04EC0-301F-11D3-BF4B-00C04F79EFBC}") = "Calculate_Concession", "Calculate_Concession\Calculate_Concession.csproj", "{DFEE51FA-890A-43F9-A151-B30A79A59AEF}"
EndProject
Global
	GlobalSection(SolutionConfigurationPlatforms) = preSolution
		Debug|Any CPU = Debug|Any CPU
		Release|Any CPU = Release|Any CPU
	EndGlobalSection
	GlobalSection(ProjectConfigurationPlatforms) = postSolution
		{DFEE51FA-890A-43F9-A151-B30A79A59AEF}.Debug|Any CPU.ActiveCfg = Debug|Any CPU
		{DFEE51FA-890A-43F9-A151-B30A79A59AEF}.Debug|Any CPU.Build.0 = Debug|Any CPU
		{DFEE51FA-890A-43F9-A151-B30A79A59AEF}.Release|Any CPU.ActiveCfg = Release|Any CPU
		{DFEE51FA-890A-43F9-A151-B30A79A59AEF}.Release|Any CPU.Build.0 = Release|Any CPU
	EndGlobalSection
	GlobalSection(SolutionProperties) = preSolution
		HideSolutionNode = FALSE
	EndGlobalSection
	GlobalSection(ExtensibilityGlobals) = postSolution
		SolutionGuid = {64A3EEE6-5027-428E-92D9-D7E2C7F7593B}
	EndGlobalSection
EndGlobal
