
Microsoft Visual Studio Solution File, Format Version 12.00
# Visual Studio Version 16
VisualStudioVersion = 16.0.35325.158
MinimumVisualStudioVersion = 10.0.40219.1
Project("{FAE04EC0-301F-11D3-BF4B-00C04F79EFBC}") = "mvcmoviesassesment", "mvcmoviesassesment\mvcmoviesassesment.csproj", "{9C20D230-5AA2-464F-AD7B-161C0508553F}"
EndProject
Global
	GlobalSection(SolutionConfigurationPlatforms) = preSolution
		Debug|Any CPU = Debug|Any CPU
		Release|Any CPU = Release|Any CPU
	EndGlobalSection
	GlobalSection(ProjectConfigurationPlatforms) = postSolution
		{9C20D230-5AA2-464F-AD7B-161C0508553F}.Debug|Any CPU.ActiveCfg = Debug|Any CPU
		{9C20D230-5AA2-464F-AD7B-161C0508553F}.Debug|Any CPU.Build.0 = Debug|Any CPU
		{9C20D230-5AA2-464F-AD7B-161C0508553F}.Release|Any CPU.ActiveCfg = Release|Any CPU
		{9C20D230-5AA2-464F-AD7B-161C0508553F}.Release|Any CPU.Build.0 = Release|Any CPU
	EndGlobalSection
	GlobalSection(SolutionProperties) = preSolution
		HideSolutionNode = FALSE
	EndGlobalSection
	GlobalSection(ExtensibilityGlobals) = postSolution
		SolutionGuid = {2586802E-D78B-4DF5-BADD-F39A2C8A4C18}
	EndGlobalSection
EndGlobal
