
Microsoft Visual Studio Solution File, Format Version 12.00
# Visual Studio Version 16
VisualStudioVersion = 16.0.35325.158
MinimumVisualStudioVersion = 10.0.40219.1
Project("{FAE04EC0-301F-11D3-BF4B-00C04F79EFBC}") = "ADOAssignment-1", "ADOAssignment-1\ADOAssignment-1.csproj", "{E1764C87-12BA-4B96-87B9-A0079099444E}"
EndProject
Global
	GlobalSection(SolutionConfigurationPlatforms) = preSolution
		Debug|Any CPU = Debug|Any CPU
		Release|Any CPU = Release|Any CPU
	EndGlobalSection
	GlobalSection(ProjectConfigurationPlatforms) = postSolution
		{E1764C87-12BA-4B96-87B9-A0079099444E}.Debug|Any CPU.ActiveCfg = Debug|Any CPU
		{E1764C87-12BA-4B96-87B9-A0079099444E}.Debug|Any CPU.Build.0 = Debug|Any CPU
		{E1764C87-12BA-4B96-87B9-A0079099444E}.Release|Any CPU.ActiveCfg = Release|Any CPU
		{E1764C87-12BA-4B96-87B9-A0079099444E}.Release|Any CPU.Build.0 = Release|Any CPU
	EndGlobalSection
	GlobalSection(SolutionProperties) = preSolution
		HideSolutionNode = FALSE
	EndGlobalSection
	GlobalSection(ExtensibilityGlobals) = postSolution
		SolutionGuid = {8E5B1768-7A7A-4906-8EDA-F9C91643278C}
	EndGlobalSection
EndGlobal
