
Microsoft Visual Studio Solution File, Format Version 12.00
# Visual Studio Version 16
VisualStudioVersion = 16.0.35325.158
MinimumVisualStudioVersion = 10.0.40219.1
Project("{FAE04EC0-301F-11D3-BF4B-00C04F79EFBC}") = "Assesment-1", "Assesment-1\Assesment-1.csproj", "{0F61A97B-47D8-42AD-AD60-A20870CCDCD8}"
EndProject
Global
	GlobalSection(SolutionConfigurationPlatforms) = preSolution
		Debug|Any CPU = Debug|Any CPU
		Release|Any CPU = Release|Any CPU
	EndGlobalSection
	GlobalSection(ProjectConfigurationPlatforms) = postSolution
		{0F61A97B-47D8-42AD-AD60-A20870CCDCD8}.Debug|Any CPU.ActiveCfg = Debug|Any CPU
		{0F61A97B-47D8-42AD-AD60-A20870CCDCD8}.Debug|Any CPU.Build.0 = Debug|Any CPU
		{0F61A97B-47D8-42AD-AD60-A20870CCDCD8}.Release|Any CPU.ActiveCfg = Release|Any CPU
		{0F61A97B-47D8-42AD-AD60-A20870CCDCD8}.Release|Any CPU.Build.0 = Release|Any CPU
	EndGlobalSection
	GlobalSection(SolutionProperties) = preSolution
		HideSolutionNode = FALSE
	EndGlobalSection
	GlobalSection(ExtensibilityGlobals) = postSolution
		SolutionGuid = {32B15879-1B1F-41E6-A254-A1E4EAE8AC51}
	EndGlobalSection
EndGlobal
