
Microsoft Visual Studio Solution File, Format Version 12.00
# Visual Studio Version 16
VisualStudioVersion = 16.0.35325.158
MinimumVisualStudioVersion = 10.0.40219.1
Project("{FAE04EC0-301F-11D3-BF4B-00C04F79EFBC}") = "Assesment-4", "Assesment-4\Assesment-4.csproj", "{B5B0EAB9-DB35-47A7-B46E-85208E4C3041}"
EndProject
Global
	GlobalSection(SolutionConfigurationPlatforms) = preSolution
		Debug|Any CPU = Debug|Any CPU
		Release|Any CPU = Release|Any CPU
	EndGlobalSection
	GlobalSection(ProjectConfigurationPlatforms) = postSolution
		{B5B0EAB9-DB35-47A7-B46E-85208E4C3041}.Debug|Any CPU.ActiveCfg = Debug|Any CPU
		{B5B0EAB9-DB35-47A7-B46E-85208E4C3041}.Debug|Any CPU.Build.0 = Debug|Any CPU
		{B5B0EAB9-DB35-47A7-B46E-85208E4C3041}.Release|Any CPU.ActiveCfg = Release|Any CPU
		{B5B0EAB9-DB35-47A7-B46E-85208E4C3041}.Release|Any CPU.Build.0 = Release|Any CPU
	EndGlobalSection
	GlobalSection(SolutionProperties) = preSolution
		HideSolutionNode = FALSE
	EndGlobalSection
	GlobalSection(ExtensibilityGlobals) = postSolution
		SolutionGuid = {E25FF067-8862-46C1-BCF6-A76D5FC98419}
	EndGlobalSection
EndGlobal
