
Microsoft Visual Studio Solution File, Format Version 12.00
# Visual Studio Version 16
VisualStudioVersion = 16.0.35325.158
MinimumVisualStudioVersion = 10.0.40219.1
Project("{FAE04EC0-301F-11D3-BF4B-00C04F79EFBC}") = "Assignment1", "Assignment1\Assignment1.csproj", "{70ADDCD5-BA01-43E2-9FCE-CCDB6E54B770}"
EndProject
Global
	GlobalSection(SolutionConfigurationPlatforms) = preSolution
		Debug|Any CPU = Debug|Any CPU
		Release|Any CPU = Release|Any CPU
	EndGlobalSection
	GlobalSection(ProjectConfigurationPlatforms) = postSolution
		{70ADDCD5-BA01-43E2-9FCE-CCDB6E54B770}.Debug|Any CPU.ActiveCfg = Debug|Any CPU
		{70ADDCD5-BA01-43E2-9FCE-CCDB6E54B770}.Debug|Any CPU.Build.0 = Debug|Any CPU
		{70ADDCD5-BA01-43E2-9FCE-CCDB6E54B770}.Release|Any CPU.ActiveCfg = Release|Any CPU
		{70ADDCD5-BA01-43E2-9FCE-CCDB6E54B770}.Release|Any CPU.Build.0 = Release|Any CPU
	EndGlobalSection
	GlobalSection(SolutionProperties) = preSolution
		HideSolutionNode = FALSE
	EndGlobalSection
	GlobalSection(ExtensibilityGlobals) = postSolution
		SolutionGuid = {C31B5FAF-8713-4E01-8A44-5DE9FEA76F39}
	EndGlobalSection
EndGlobal
