
Microsoft Visual Studio Solution File, Format Version 12.00
# Visual Studio Version 16
VisualStudioVersion = 16.0.35325.158
MinimumVisualStudioVersion = 10.0.40219.1
Project("{FAE04EC0-301F-11D3-BF4B-00C04F79EFBC}") = "BasicProgram", "BasicProgram\BasicProgram.csproj", "{C2B0863D-3E2C-45BC-9BD9-620A7E6BDC56}"
EndProject
Global
	GlobalSection(SolutionConfigurationPlatforms) = preSolution
		Debug|Any CPU = Debug|Any CPU
		Release|Any CPU = Release|Any CPU
	EndGlobalSection
	GlobalSection(ProjectConfigurationPlatforms) = postSolution
		{C2B0863D-3E2C-45BC-9BD9-620A7E6BDC56}.Debug|Any CPU.ActiveCfg = Debug|Any CPU
		{C2B0863D-3E2C-45BC-9BD9-620A7E6BDC56}.Debug|Any CPU.Build.0 = Debug|Any CPU
		{C2B0863D-3E2C-45BC-9BD9-620A7E6BDC56}.Release|Any CPU.ActiveCfg = Release|Any CPU
		{C2B0863D-3E2C-45BC-9BD9-620A7E6BDC56}.Release|Any CPU.Build.0 = Release|Any CPU
	EndGlobalSection
	GlobalSection(SolutionProperties) = preSolution
		HideSolutionNode = FALSE
	EndGlobalSection
	GlobalSection(ExtensibilityGlobals) = postSolution
		SolutionGuid = {CD73E8AF-AF62-4AC6-8E14-A1AFCF2B3A4E}
	EndGlobalSection
EndGlobal
